
Microsoft Visual Studio Solution File, Format Version 12.00
# Visual Studio 16
Project("{FAE04EC0-301F-11D3-BF4B-00C04F79EFBC}") = "Assembly-CSharp", "Assembly-CSharp.csproj", "{5C6EC00E-7EE2-8EF9-77F4-133DDA7E7A9F}"
EndProject
Project("{FAE04EC0-301F-11D3-BF4B-00C04F79EFBC}") = "Assembly-CSharp-Editor", "Assembly-CSharp-Editor.csproj", "{F96CE8BC-E7EC-6354-2714-F668FF6886FB}"
EndProject
Global
	GlobalSection(SolutionConfigurationPlatforms) = preSolution
		Debug|Any CPU = Debug|Any CPU
		Release|Any CPU = Release|Any CPU
	EndGlobalSection
	GlobalSection(ProjectConfigurationPlatforms) = postSolution
		{5C6EC00E-7EE2-8EF9-77F4-133DDA7E7A9F}.Debug|Any CPU.ActiveCfg = Debug|Any CPU
		{5C6EC00E-7EE2-8EF9-77F4-133DDA7E7A9F}.Debug|Any CPU.Build.0 = Debug|Any CPU
		{5C6EC00E-7EE2-8EF9-77F4-133DDA7E7A9F}.Release|Any CPU.ActiveCfg = Release|Any CPU
		{5C6EC00E-7EE2-8EF9-77F4-133DDA7E7A9F}.Release|Any CPU.Build.0 = Release|Any CPU
		{F96CE8BC-E7EC-6354-2714-F668FF6886FB}.Debug|Any CPU.ActiveCfg = Debug|Any CPU
		{F96CE8BC-E7EC-6354-2714-F668FF6886FB}.Debug|Any CPU.Build.0 = Debug|Any CPU
		{F96CE8BC-E7EC-6354-2714-F668FF6886FB}.Release|Any CPU.ActiveCfg = Release|Any CPU
		{F96CE8BC-E7EC-6354-2714-F668FF6886FB}.Release|Any CPU.Build.0 = Release|Any CPU
	EndGlobalSection
	GlobalSection(SolutionProperties) = preSolution
		HideSolutionNode = FALSE
	EndGlobalSection
EndGlobal
